
Microsoft Visual Studio Solution File, Format Version 12.00
# Visual Studio Version 16
VisualStudioVersion = 16.0.30225.117
MinimumVisualStudioVersion = 10.0.40219.1
Project("{FAE04EC0-301F-11D3-BF4B-00C04F79EFBC}") = "SSBackendApp", "SSBackendApp\SSBackendApp.csproj", "{46CAA42C-EDC9-4A2F-9DA8-75B7C539DF94}"
EndProject
Global
	GlobalSection(SolutionConfigurationPlatforms) = preSolution
		Debug|Any CPU = Debug|Any CPU
		Release|Any CPU = Release|Any CPU
	EndGlobalSection
	GlobalSection(ProjectConfigurationPlatforms) = postSolution
		{46CAA42C-EDC9-4A2F-9DA8-75B7C539DF94}.Debug|Any CPU.ActiveCfg = Debug|Any CPU
		{46CAA42C-EDC9-4A2F-9DA8-75B7C539DF94}.Debug|Any CPU.Build.0 = Debug|Any CPU
		{46CAA42C-EDC9-4A2F-9DA8-75B7C539DF94}.Release|Any CPU.ActiveCfg = Release|Any CPU
		{46CAA42C-EDC9-4A2F-9DA8-75B7C539DF94}.Release|Any CPU.Build.0 = Release|Any CPU
	EndGlobalSection
	GlobalSection(SolutionProperties) = preSolution
		HideSolutionNode = FALSE
	EndGlobalSection
	GlobalSection(ExtensibilityGlobals) = postSolution
		SolutionGuid = {D8F05336-2417-4E21-8CE1-137941CF72ED}
	EndGlobalSection
EndGlobal
